
Microsoft Visual Studio Solution File, Format Version 12.00
# Visual Studio Version 17
VisualStudioVersion = 17.7.34031.279
MinimumVisualStudioVersion = 10.0.40219.1
Project("{FAE04EC0-301F-11D3-BF4B-00C04F79EFBC}") = "16. Exception Handling", "16. Exception Handling.csproj", "{1AB8F729-FEB4-4FDC-896C-CD5F6E4FB2D2}"
EndProject
Global
	GlobalSection(SolutionConfigurationPlatforms) = preSolution
		Debug|Any CPU = Debug|Any CPU
		Release|Any CPU = Release|Any CPU
	EndGlobalSection
	GlobalSection(ProjectConfigurationPlatforms) = postSolution
		{1AB8F729-FEB4-4FDC-896C-CD5F6E4FB2D2}.Debug|Any CPU.ActiveCfg = Debug|Any CPU
		{1AB8F729-FEB4-4FDC-896C-CD5F6E4FB2D2}.Debug|Any CPU.Build.0 = Debug|Any CPU
		{1AB8F729-FEB4-4FDC-896C-CD5F6E4FB2D2}.Release|Any CPU.ActiveCfg = Release|Any CPU
		{1AB8F729-FEB4-4FDC-896C-CD5F6E4FB2D2}.Release|Any CPU.Build.0 = Release|Any CPU
	EndGlobalSection
	GlobalSection(SolutionProperties) = preSolution
		HideSolutionNode = FALSE
	EndGlobalSection
	GlobalSection(ExtensibilityGlobals) = postSolution
		SolutionGuid = {023A4A6F-8521-45D7-94E2-522D1AFBC516}
	EndGlobalSection
EndGlobal
